PODS:
  - ORCommonUI-Swift (3.8.2):
    - PureLayout (~> 3.0)
  - PureLayout (3.0.2)

DEPENDENCIES:
  - ORCommonUI-Swift (from `../`)

EXTERNAL SOURCES:
  ORCommonUI-Swift:
    :path: ../

SPEC CHECKSUMS:
  ORCommonUI-Swift: de241feb4ac602b5005f0430efba48625f4d3046
  PureLayout: 4d550abe49a94f24c2808b9b95db9131685fe4cd

PODFILE CHECKSUM: 8f1148d9b0d6c03de52620f1b4d7cb2668832479

COCOAPODS: 1.3.1
