PODS:
  - ORCommonCode-Swift (0.3.0)
  - ORCommonUI-Swift (0.3.0):
    - ORCommonCode-Swift (~> 0.3.0)

DEPENDENCIES:
  - ORCommonCode-Swift (~> 0.3.0)
  - ORCommonUI-Swift (from `../`)

EXTERNAL SOURCES:
  ORCommonUI-Swift:
    :path: ../

SPEC CHECKSUMS:
  ORCommonCode-Swift: 7c00999048b1568dd9232f555288ca9c90d842cb
  ORCommonUI-Swift: b6c51cabf55d819eda459bf3fcef6f1881fca7a6

COCOAPODS: 0.39.0
