PODS:
  - ORCommonCode-Swift (3.0.0)
  - ORCommonUI-Swift (3.0.0):
    - ORCommonCode-Swift (>= 3.0.0)

DEPENDENCIES:
  - ORCommonCode-Swift (~> 3.0.0)
  - ORCommonUI-Swift (from `../`)

EXTERNAL SOURCES:
  ORCommonUI-Swift:
    :path: ../

SPEC CHECKSUMS:
  ORCommonCode-Swift: 31f2491439cd7ff28dcc42c1ee1ce37adaca77d5
  ORCommonUI-Swift: f851b760538670d2d860d3bcd1a0d74b12151ec8

PODFILE CHECKSUM: 73c4088ac5bf90e5bed4a86724aed8c8fe4d1f7a

COCOAPODS: 1.1.0.rc.2
